// !$*UTF8*$!
{
	archiveVersion = 1;
	classes = {
	};
	objectVersion = 77;
	objects = {

/* Begin PBXBuildFile section */
		4B55DC052CB56FD1006D06D8 /* Quick in Frameworks */ = {isa = PBXBuildFile; productRef = 4B55DC042CB56FD1006D06D8 /* Quick */; };
		4B55DC082CB56FE4006D06D8 /* Nimble in Frameworks */ = {isa = PBXBuildFile; productRef = 4B55DC072CB56FE4006D06D8 /* Nimble */; };
		4B55DC0B2CB57134006D06D8 /* Quick in Frameworks */ = {isa = PBXBuildFile; productRef = 4B55DC0A2CB57134006D06D8 /* Quick */; };
		4B55DC0D2CB5713F006D06D8 /* Nimble in Frameworks */ = {isa = PBXBuildFile; productRef = 4B55DC0C2CB5713F006D06D8 /* Nimble */; };
		4B55DC792CB5821E006D06D8 /* PromiseKit in Frameworks */ = {isa = PBXBuildFile; productRef = 4B55DC782CB5821E006D06D8 /* PromiseKit */; };
/* End PBXBuildFile section */

/* Begin PBXContainerItemProxy section */
		4B55DBCE2CB54E1A006D06D8 /* PBXContainerItemProxy */ = {
			isa = PBXContainerItemProxy;
			containerPortal = 4B55DBAF2CB54E18006D06D8 /* Project object */;
			proxyType = 1;
			remoteGlobalIDString = 4B55DBB62CB54E18006D06D8;
			remoteInfo = MovieNow;
		};
		4B55DBD82CB54E1A006D06D8 /* PBXContainerItemProxy */ = {
			isa = PBXContainerItemProxy;
			containerPortal = 4B55DBAF2CB54E18006D06D8 /* Project object */;
			proxyType = 1;
			remoteGlobalIDString = 4B55DBB62CB54E18006D06D8;
			remoteInfo = MovieNow;
		};
/* End PBXContainerItemProxy section */

/* Begin PBXFileReference section */
		4B55DBB72CB54E18006D06D8 /* MovieNow.app */ = {isa = PBXFileReference; explicitFileType = wrapper.application; includeInIndex = 0; path = MovieNow.app; sourceTree = BUILT_PRODUCTS_DIR; };
		4B55DBCD2CB54E1A006D06D8 /* MovieNowTests.xctest */ = {isa = PBXFileReference; explicitFileType = wrapper.cfbundle; includeInIndex = 0; path = MovieNowTests.xctest; sourceTree = BUILT_PRODUCTS_DIR; };
		4B55DBD72CB54E1A006D06D8 /* MovieNowUITests.xctest */ = {isa = PBXFileReference; explicitFileType = wrapper.cfbundle; includeInIndex = 0; path = MovieNowUITests.xctest; sourceTree = BUILT_PRODUCTS_DIR; };
/* End PBXFileReference section */

/* Begin PBXFileSystemSynchronizedBuildFileExceptionSet section */
		4B55DBDF2CB54E1A006D06D8 /* Exceptions for "MovieNow" folder in "MovieNow" target */ = {
			isa = PBXFileSystemSynchronizedBuildFileExceptionSet;
			membershipExceptions = (
				Resource/Info.plist,
			);
			target = 4B55DBB62CB54E18006D06D8 /* MovieNow */;
		};
/* End PBXFileSystemSynchronizedBuildFileExceptionSet section */

/* Begin PBXFileSystemSynchronizedRootGroup section */
		4B55DBB92CB54E18006D06D8 /* MovieNow */ = {
			isa = PBXFileSystemSynchronizedRootGroup;
			exceptions = (
				4B55DBDF2CB54E1A006D06D8 /* Exceptions for "MovieNow" folder in "MovieNow" target */,
			);
			path = MovieNow;
			sourceTree = "<group>";
		};
		4B55DBD02CB54E1A006D06D8 /* MovieNowTests */ = {
			isa = PBXFileSystemSynchronizedRootGroup;
			path = MovieNowTests;
			sourceTree = "<group>";
		};
		4B55DBDA2CB54E1A006D06D8 /* MovieNowUITests */ = {
			isa = PBXFileSystemSynchronizedRootGroup;
			path = MovieNowUITests;
			sourceTree = "<group>";
		};
/* End PBXFileSystemSynchronizedRootGroup section */

/* Begin PBXFrameworksBuildPhase section */
		4B55DBB42CB54E18006D06D8 /* Frameworks */ = {
			isa = PBXFrameworksBuildPhase;
			buildActionMask = 2147483647;
			files = (
				4B55DC792CB5821E006D06D8 /* PromiseKit in Frameworks */,
			);
			runOnlyForDeploymentPostprocessing = 0;
		};
		4B55DBCA2CB54E1A006D06D8 /* Frameworks */ = {
			isa = PBXFrameworksBuildPhase;
			buildActionMask = 2147483647;
			files = (
				4B55DC052CB56FD1006D06D8 /* Quick in Frameworks */,
				4B55DC082CB56FE4006D06D8 /* Nimble in Frameworks */,
			);
			runOnlyForDeploymentPostprocessing = 0;
		};
		4B55DBD42CB54E1A006D06D8 /* Frameworks */ = {
			isa = PBXFrameworksBuildPhase;
			buildActionMask = 2147483647;
			files = (
				4B55DC0B2CB57134006D06D8 /* Quick in Frameworks */,
				4B55DC0D2CB5713F006D06D8 /* Nimble in Frameworks */,
			);
			runOnlyForDeploymentPostprocessing = 0;
		};
/* End PBXFrameworksBuildPhase section */

/* Begin PBXGroup section */
		4B55DBAE2CB54E18006D06D8 = {
			isa = PBXGroup;
			children = (
				4B55DBB92CB54E18006D06D8 /* MovieNow */,
				4B55DBD02CB54E1A006D06D8 /* MovieNowTests */,
				4B55DBDA2CB54E1A006D06D8 /* MovieNowUITests */,
				4B55DC092CB57134006D06D8 /* Frameworks */,
				4B55DBB82CB54E18006D06D8 /* Products */,
			);
			sourceTree = "<group>";
		};
		4B55DBB82CB54E18006D06D8 /* Products */ = {
			isa = PBXGroup;
			children = (
				4B55DBB72CB54E18006D06D8 /* MovieNow.app */,
				4B55DBCD2CB54E1A006D06D8 /* MovieNowTests.xctest */,
				4B55DBD72CB54E1A006D06D8 /* MovieNowUITests.xctest */,
			);
			name = Products;
			sourceTree = "<group>";
		};
		4B55DC092CB57134006D06D8 /* Frameworks */ = {
			isa = PBXGroup;
			children = (
			);
			name = Frameworks;
			sourceTree = "<group>";
		};
/* End PBXGroup section */

/* Begin PBXNativeTarget section */
		4B55DBB62CB54E18006D06D8 /* MovieNow */ = {
			isa = PBXNativeTarget;
			buildConfigurationList = 4B55DBE02CB54E1A006D06D8 /* Build configuration list for PBXNativeTarget "MovieNow" */;
			buildPhases = (
				4B55DBB32CB54E18006D06D8 /* Sources */,
				4B55DBB42CB54E18006D06D8 /* Frameworks */,
				4B55DBB52CB54E18006D06D8 /* Resources */,
			);
			buildRules = (
			);
			dependencies = (
			);
			fileSystemSynchronizedGroups = (
				4B55DBB92CB54E18006D06D8 /* MovieNow */,
			);
			name = MovieNow;
			packageProductDependencies = (
				4B55DC782CB5821E006D06D8 /* PromiseKit */,
			);
			productName = MovieNow;
			productReference = 4B55DBB72CB54E18006D06D8 /* MovieNow.app */;
			productType = "com.apple.product-type.application";
		};
		4B55DBCC2CB54E1A006D06D8 /* MovieNowTests */ = {
			isa = PBXNativeTarget;
			buildConfigurationList = 4B55DBE52CB54E1A006D06D8 /* Build configuration list for PBXNativeTarget "MovieNowTests" */;
			buildPhases = (
				4B55DBC92CB54E1A006D06D8 /* Sources */,
				4B55DBCA2CB54E1A006D06D8 /* Frameworks */,
				4B55DBCB2CB54E1A006D06D8 /* Resources */,
			);
			buildRules = (
			);
			dependencies = (
				4B55DBCF2CB54E1A006D06D8 /* PBXTargetDependency */,
			);
			fileSystemSynchronizedGroups = (
				4B55DBD02CB54E1A006D06D8 /* MovieNowTests */,
			);
			name = MovieNowTests;
			packageProductDependencies = (
				4B55DC042CB56FD1006D06D8 /* Quick */,
				4B55DC072CB56FE4006D06D8 /* Nimble */,
			);
			productName = MovieNowTests;
			productReference = 4B55DBCD2CB54E1A006D06D8 /* MovieNowTests.xctest */;
			productType = "com.apple.product-type.bundle.unit-test";
		};
		4B55DBD62CB54E1A006D06D8 /* MovieNowUITests */ = {
			isa = PBXNativeTarget;
			buildConfigurationList = 4B55DBE82CB54E1A006D06D8 /* Build configuration list for PBXNativeTarget "MovieNowUITests" */;
			buildPhases = (
				4B55DBD32CB54E1A006D06D8 /* Sources */,
				4B55DBD42CB54E1A006D06D8 /* Frameworks */,
				4B55DBD52CB54E1A006D06D8 /* Resources */,
			);
			buildRules = (
			);
			dependencies = (
				4B55DBD92CB54E1A006D06D8 /* PBXTargetDependency */,
			);
			fileSystemSynchronizedGroups = (
				4B55DBDA2CB54E1A006D06D8 /* MovieNowUITests */,
			);
			name = MovieNowUITests;
			packageProductDependencies = (
				4B55DC0A2CB57134006D06D8 /* Quick */,
				4B55DC0C2CB5713F006D06D8 /* Nimble */,
			);
			productName = MovieNowUITests;
			productReference = 4B55DBD72CB54E1A006D06D8 /* MovieNowUITests.xctest */;
			productType = "com.apple.product-type.bundle.ui-testing";
		};
/* End PBXNativeTarget section */

/* Begin PBXProject section */
		4B55DBAF2CB54E18006D06D8 /* Project object */ = {
			isa = PBXProject;
			attributes = {
				BuildIndependentTargetsInParallel = 1;
				LastSwiftUpdateCheck = 1600;
				LastUpgradeCheck = 1600;
				TargetAttributes = {
					4B55DBB62CB54E18006D06D8 = {
						CreatedOnToolsVersion = 16.0;
					};
					4B55DBCC2CB54E1A006D06D8 = {
						CreatedOnToolsVersion = 16.0;
						LastSwiftMigration = 1600;
						TestTargetID = 4B55DBB62CB54E18006D06D8;
					};
					4B55DBD62CB54E1A006D06D8 = {
						CreatedOnToolsVersion = 16.0;
						TestTargetID = 4B55DBB62CB54E18006D06D8;
					};
				};
			};
			buildConfigurationList = 4B55DBB22CB54E18006D06D8 /* Build configuration list for PBXProject "MovieNow" */;
			developmentRegion = en;
			hasScannedForEncodings = 0;
			knownRegions = (
				en,
				Base,
			);
			mainGroup = 4B55DBAE2CB54E18006D06D8;
			minimizedProjectReferenceProxies = 1;
			packageReferences = (
				4B55DC032CB56FD1006D06D8 /* XCRemoteSwiftPackageReference "Quick" */,
				4B55DC062CB56FE4006D06D8 /* XCRemoteSwiftPackageReference "Nimble" */,
				4B55DC772CB5821E006D06D8 /* XCRemoteSwiftPackageReference "PromiseKit" */,
			);
			preferredProjectObjectVersion = 77;
			productRefGroup = 4B55DBB82CB54E18006D06D8 /* Products */;
			projectDirPath = "";
			projectRoot = "";
			targets = (
				4B55DBB62CB54E18006D06D8 /* MovieNow */,
				4B55DBCC2CB54E1A006D06D8 /* MovieNowTests */,
				4B55DBD62CB54E1A006D06D8 /* MovieNowUITests */,
			);
		};
/* End PBXProject section */

/* Begin PBXResourcesBuildPhase section */
		4B55DBB52CB54E18006D06D8 /* Resources */ = {
			isa = PBXResourcesBuildPhase;
			buildActionMask = 2147483647;
			files = (
			);
			runOnlyForDeploymentPostprocessing = 0;
		};
		4B55DBCB2CB54E1A006D06D8 /* Resources */ = {
			isa = PBXResourcesBuildPhase;
			buildActionMask = 2147483647;
			files = (
			);
			runOnlyForDeploymentPostprocessing = 0;
		};
		4B55DBD52CB54E1A006D06D8 /* Resources */ = {
			isa = PBXResourcesBuildPhase;
			buildActionMask = 2147483647;
			files = (
			);
			runOnlyForDeploymentPostprocessing = 0;
		};
/* End PBXResourcesBuildPhase section */

/* Begin PBXSourcesBuildPhase section */
		4B55DBB32CB54E18006D06D8 /* Sources */ = {
			isa = PBXSourcesBuildPhase;
			buildActionMask = 2147483647;
			files = (
			);
			runOnlyForDeploymentPostprocessing = 0;
		};
		4B55DBC92CB54E1A006D06D8 /* Sources */ = {
			isa = PBXSourcesBuildPhase;
			buildActionMask = 2147483647;
			files = (
			);
			runOnlyForDeploymentPostprocessing = 0;
		};
		4B55DBD32CB54E1A006D06D8 /* Sources */ = {
			isa = PBXSourcesBuildPhase;
			buildActionMask = 2147483647;
			files = (
			);
			runOnlyForDeploymentPostprocessing = 0;
		};
/* End PBXSourcesBuildPhase section */

/* Begin PBXTargetDependency section */
		4B55DBCF2CB54E1A006D06D8 /* PBXTargetDependency */ = {
			isa = PBXTargetDependency;
			target = 4B55DBB62CB54E18006D06D8 /* MovieNow */;
			targetProxy = 4B55DBCE2CB54E1A006D06D8 /* PBXContainerItemProxy */;
		};
		4B55DBD92CB54E1A006D06D8 /* PBXTargetDependency */ = {
			isa = PBXTargetDependency;
			target = 4B55DBB62CB54E18006D06D8 /* MovieNow */;
			targetProxy = 4B55DBD82CB54E1A006D06D8 /* PBXContainerItemProxy */;
		};
/* End PBXTargetDependency section */

/* Begin XCBuildConfiguration section */
		4B55DBE12CB54E1A006D06D8 /* Debug */ = {
			isa = XCBuildConfiguration;
			buildSettings = {
				ASSETCATALOG_COMPILER_APPICON_NAME = AppIcon;
				ASSETCATALOG_COMPILER_GLOBAL_ACCENT_COLOR_NAME = AccentColor;
				CODE_SIGN_STYLE = Automatic;
				CURRENT_PROJECT_VERSION = 1;
				GENERATE_INFOPLIST_FILE = YES;
				INFOPLIST_FILE = MovieNow/Resource/Info.plist;
				INFOPLIST_KEY_UIApplicationSupportsIndirectInputEvents = YES;
				INFOPLIST_KEY_UILaunchStoryboardName = LaunchScreen;
				INFOPLIST_KEY_UIMainStoryboardFile = "";
				INFOPLIST_KEY_UISupportedInterfaceOrientations = UIInterfaceOrientationPortrait;
				INFOPLIST_KEY_UISupportedInterfaceOrientations_iPad = "UIInterfaceOrientationPortrait UIInterfaceOrientationPortraitUpsideDown";
				LD_RUNPATH_SEARCH_PATHS = (
					"$(inherited)",
					"@executable_path/Frameworks",
				);
				MARKETING_VERSION = 1.0;
				PRODUCT_BUNDLE_IDENTIFIER = co.appside.MovieNow;
				PRODUCT_NAME = "$(TARGET_NAME)";
				SWIFT_EMIT_LOC_STRINGS = YES;
				SWIFT_VERSION = 5.0;
				TARGETED_DEVICE_FAMILY = "1,2";
			};
			name = Debug;
		};
		4B55DBE22CB54E1A006D06D8 /* Release */ = {
			isa = XCBuildConfiguration;
			buildSettings = {
				ASSETCATALOG_COMPILER_APPICON_NAME = AppIcon;
				ASSETCATALOG_COMPILER_GLOBAL_ACCENT_COLOR_NAME = AccentColor;
				CODE_SIGN_STYLE = Automatic;
				CURRENT_PROJECT_VERSION = 1;
				GENERATE_INFOPLIST_FILE = YES;
				INFOPLIST_FILE = MovieNow/Resource/Info.plist;
				INFOPLIST_KEY_UIApplicationSupportsIndirectInputEvents = YES;
				INFOPLIST_KEY_UILaunchStoryboardName = LaunchScreen;
				INFOPLIST_KEY_UIMainStoryboardFile = "";
				INFOPLIST_KEY_UISupportedInterfaceOrientations = UIInterfaceOrientationPortrait;
				INFOPLIST_KEY_UISupportedInterfaceOrientations_iPad = "UIInterfaceOrientationPortrait UIInterfaceOrientationPortraitUpsideDown";
				LD_RUNPATH_SEARCH_PATHS = (
					"$(inherited)",
					"@executable_path/Frameworks",
				);
				MARKETING_VERSION = 1.0;
				PRODUCT_BUNDLE_IDENTIFIER = co.appside.MovieNow;
				PRODUCT_NAME = "$(TARGET_NAME)";
				SWIFT_EMIT_LOC_STRINGS = YES;
				SWIFT_VERSION = 5.0;
				TARGETED_DEVICE_FAMILY = "1,2";
			};
			name = Release;
		};
		4B55DBE32CB54E1A006D06D8 /* Debug */ = {
			isa = XCBuildConfiguration;
			buildSettings = {
				ALWAYS_SEARCH_USER_PATHS = NO;
				ASSETCATALOG_COMPILER_GENERATE_SWIFT_ASSET_SYMBOL_EXTENSIONS = YES;
				CLANG_ANALYZER_NONNULL = YES;
				CLANG_ANALYZER_NUMBER_OBJECT_CONVERSION = YES_AGGRESSIVE;
				CLANG_CXX_LANGUAGE_STANDARD = "gnu++20";
				CLANG_ENABLE_MODULES = YES;
				CLANG_ENABLE_OBJC_ARC = YES;
				CLANG_ENABLE_OBJC_WEAK = YES;
				CLANG_WARN_BLOCK_CAPTURE_AUTORELEASING = YES;
				CLANG_WARN_BOOL_CONVERSION = YES;
				CLANG_WARN_COMMA = YES;
				CLANG_WARN_CONSTANT_CONVERSION = YES;
				CLANG_WARN_DEPRECATED_OBJC_IMPLEMENTATIONS = YES;
				CLANG_WARN_DIRECT_OBJC_ISA_USAGE = YES_ERROR;
				CLANG_WARN_DOCUMENTATION_COMMENTS = YES;
				CLANG_WARN_EMPTY_BODY = YES;
				CLANG_WARN_ENUM_CONVERSION = YES;
				CLANG_WARN_INFINITE_RECURSION = YES;
				CLANG_WARN_INT_CONVERSION = YES;
				CLANG_WARN_NON_LITERAL_NULL_CONVERSION = YES;
				CLANG_WARN_OBJC_IMPLICIT_RETAIN_SELF = YES;
				CLANG_WARN_OBJC_LITERAL_CONVERSION = YES;
				CLANG_WARN_OBJC_ROOT_CLASS = YES_ERROR;
				CLANG_WARN_QUOTED_INCLUDE_IN_FRAMEWORK_HEADER = YES;
				CLANG_WARN_RANGE_LOOP_ANALYSIS = YES;
				CLANG_WARN_STRICT_PROTOTYPES = YES;
				CLANG_WARN_SUSPICIOUS_MOVE = YES;
				CLANG_WARN_UNGUARDED_AVAILABILITY = YES_AGGRESSIVE;
				CLANG_WARN_UNREACHABLE_CODE = YES;
				CLANG_WARN__DUPLICATE_METHOD_MATCH = YES;
				COPY_PHASE_STRIP = NO;
				DEBUG_INFORMATION_FORMAT = dwarf;
				ENABLE_STRICT_OBJC_MSGSEND = YES;
				ENABLE_TESTABILITY = YES;
				ENABLE_USER_SCRIPT_SANDBOXING = YES;
				GCC_C_LANGUAGE_STANDARD = gnu17;
				GCC_DYNAMIC_NO_PIC = NO;
				GCC_NO_COMMON_BLOCKS = YES;
				GCC_OPTIMIZATION_LEVEL = 0;
				GCC_PREPROCESSOR_DEFINITIONS = (
					"DEBUG=1",
					"$(inherited)",
				);
				GCC_WARN_64_TO_32_BIT_CONVERSION = YES;
				GCC_WARN_ABOUT_RETURN_TYPE = YES_ERROR;
				GCC_WARN_UNDECLARED_SELECTOR = YES;
				GCC_WARN_UNINITIALIZED_AUTOS = YES_AGGRESSIVE;
				GCC_WARN_UNUSED_FUNCTION = YES;
				GCC_WARN_UNUSED_VARIABLE = YES;
				IPHONEOS_DEPLOYMENT_TARGET = 18.0;
				LOCALIZATION_PREFERS_STRING_CATALOGS = YES;
				MTL_ENABLE_DEBUG_INFO = INCLUDE_SOURCE;
				MTL_FAST_MATH = YES;
				ONLY_ACTIVE_ARCH = YES;
				SDKROOT = iphoneos;
				SWIFT_ACTIVE_COMPILATION_CONDITIONS = "DEBUG $(inherited)";
				SWIFT_OPTIMIZATION_LEVEL = "-Onone";
			};
			name = Debug;
		};
		4B55DBE42CB54E1A006D06D8 /* Release */ = {
			isa = XCBuildConfiguration;
			buildSettings = {
				ALWAYS_SEARCH_USER_PATHS = NO;
				ASSETCATALOG_COMPILER_GENERATE_SWIFT_ASSET_SYMBOL_EXTENSIONS = YES;
				CLANG_ANALYZER_NONNULL = YES;
				CLANG_ANALYZER_NUMBER_OBJECT_CONVERSION = YES_AGGRESSIVE;
				CLANG_CXX_LANGUAGE_STANDARD = "gnu++20";
				CLANG_ENABLE_MODULES = YES;
				CLANG_ENABLE_OBJC_ARC = YES;
				CLANG_ENABLE_OBJC_WEAK = YES;
				CLANG_WARN_BLOCK_CAPTURE_AUTORELEASING = YES;
				CLANG_WARN_BOOL_CONVERSION = YES;
				CLANG_WARN_COMMA = YES;
				CLANG_WARN_CONSTANT_CONVERSION = YES;
				CLANG_WARN_DEPRECATED_OBJC_IMPLEMENTATIONS = YES;
				CLANG_WARN_DIRECT_OBJC_ISA_USAGE = YES_ERROR;
				CLANG_WARN_DOCUMENTATION_COMMENTS = YES;
				CLANG_WARN_EMPTY_BODY = YES;
				CLANG_WARN_ENUM_CONVERSION = YES;
				CLANG_WARN_INFINITE_RECURSION = YES;
				CLANG_WARN_INT_CONVERSION = YES;
				CLANG_WARN_NON_LITERAL_NULL_CONVERSION = YES;
				CLANG_WARN_OBJC_IMPLICIT_RETAIN_SELF = YES;
				CLANG_WARN_OBJC_LITERAL_CONVERSION = YES;
				CLANG_WARN_OBJC_ROOT_CLASS = YES_ERROR;
				CLANG_WARN_QUOTED_INCLUDE_IN_FRAMEWORK_HEADER = YES;
				CLANG_WARN_RANGE_LOOP_ANALYSIS = YES;
				CLANG_WARN_STRICT_PROTOTYPES = YES;
				CLANG_WARN_SUSPICIOUS_MOVE = YES;
				CLANG_WARN_UNGUARDED_AVAILABILITY = YES_AGGRESSIVE;
				CLANG_WARN_UNREACHABLE_CODE = YES;
				CLANG_WARN__DUPLICATE_METHOD_MATCH = YES;
				COPY_PHASE_STRIP = NO;
				DEBUG_INFORMATION_FORMAT = "dwarf-with-dsym";
				ENABLE_NS_ASSERTIONS = NO;
				ENABLE_STRICT_OBJC_MSGSEND = YES;
				ENABLE_USER_SCRIPT_SANDBOXING = YES;
				GCC_C_LANGUAGE_STANDARD = gnu17;
				GCC_NO_COMMON_BLOCKS = YES;
				GCC_WARN_64_TO_32_BIT_CONVERSION = YES;
				GCC_WARN_ABOUT_RETURN_TYPE = YES_ERROR;
				GCC_WARN_UNDECLARED_SELECTOR = YES;
				GCC_WARN_UNINITIALIZED_AUTOS = YES_AGGRESSIVE;
				GCC_WARN_UNUSED_FUNCTION = YES;
				GCC_WARN_UNUSED_VARIABLE = YES;
				IPHONEOS_DEPLOYMENT_TARGET = 18.0;
				LOCALIZATION_PREFERS_STRING_CATALOGS = YES;
				MTL_ENABLE_DEBUG_INFO = NO;
				MTL_FAST_MATH = YES;
				SDKROOT = iphoneos;
				SWIFT_COMPILATION_MODE = wholemodule;
				VALIDATE_PRODUCT = YES;
			};
			name = Release;
		};
		4B55DBE62CB54E1A006D06D8 /* Debug */ = {
			isa = XCBuildConfiguration;
			buildSettings = {
				BUNDLE_LOADER = "$(TEST_HOST)";
				CLANG_ENABLE_MODULES = YES;
				CODE_SIGN_STYLE = Automatic;
				CURRENT_PROJECT_VERSION = 1;
				GENERATE_INFOPLIST_FILE = YES;
				IPHONEOS_DEPLOYMENT_TARGET = 18.0;
				MARKETING_VERSION = 1.0;
				PRODUCT_BUNDLE_IDENTIFIER = co.appside.MovieNowTests;
				PRODUCT_NAME = "$(TARGET_NAME)";
				SWIFT_EMIT_LOC_STRINGS = NO;
				SWIFT_OPTIMIZATION_LEVEL = "-Onone";
				SWIFT_VERSION = 5.0;
				TARGETED_DEVICE_FAMILY = "1,2";
				TEST_HOST = "$(BUILT_PRODUCTS_DIR)/MovieNow.app/$(BUNDLE_EXECUTABLE_FOLDER_PATH)/MovieNow";
			};
			name = Debug;
		};
		4B55DBE72CB54E1A006D06D8 /* Release */ = {
			isa = XCBuildConfiguration;
			buildSettings = {
				BUNDLE_LOADER = "$(TEST_HOST)";
				CLANG_ENABLE_MODULES = YES;
				CODE_SIGN_STYLE = Automatic;
				CURRENT_PROJECT_VERSION = 1;
				GENERATE_INFOPLIST_FILE = YES;
				IPHONEOS_DEPLOYMENT_TARGET = 18.0;
				MARKETING_VERSION = 1.0;
				PRODUCT_BUNDLE_IDENTIFIER = co.appside.MovieNowTests;
				PRODUCT_NAME = "$(TARGET_NAME)";
				SWIFT_EMIT_LOC_STRINGS = NO;
				SWIFT_VERSION = 5.0;
				TARGETED_DEVICE_FAMILY = "1,2";
				TEST_HOST = "$(BUILT_PRODUCTS_DIR)/MovieNow.app/$(BUNDLE_EXECUTABLE_FOLDER_PATH)/MovieNow";
			};
			name = Release;
		};
		4B55DBE92CB54E1A006D06D8 /* Debug */ = {
			isa = XCBuildConfiguration;
			buildSettings = {
				CODE_SIGN_STYLE = Automatic;
				CURRENT_PROJECT_VERSION = 1;
				GENERATE_INFOPLIST_FILE = YES;
				MARKETING_VERSION = 1.0;
				PRODUCT_BUNDLE_IDENTIFIER = co.appside.MovieNowUITests;
				PRODUCT_NAME = "$(TARGET_NAME)";
				SWIFT_EMIT_LOC_STRINGS = NO;
				SWIFT_VERSION = 5.0;
				TARGETED_DEVICE_FAMILY = "1,2";
				TEST_TARGET_NAME = MovieNow;
			};
			name = Debug;
		};
		4B55DBEA2CB54E1A006D06D8 /* Release */ = {
			isa = XCBuildConfiguration;
			buildSettings = {
				CODE_SIGN_STYLE = Automatic;
				CURRENT_PROJECT_VERSION = 1;
				GENERATE_INFOPLIST_FILE = YES;
				MARKETING_VERSION = 1.0;
				PRODUCT_BUNDLE_IDENTIFIER = co.appside.MovieNowUITests;
				PRODUCT_NAME = "$(TARGET_NAME)";
				SWIFT_EMIT_LOC_STRINGS = NO;
				SWIFT_VERSION = 5.0;
				TARGETED_DEVICE_FAMILY = "1,2";
				TEST_TARGET_NAME = MovieNow;
			};
			name = Release;
		};
/* End XCBuildConfiguration section */

/* Begin XCConfigurationList section */
		4B55DBB22CB54E18006D06D8 /* Build configuration list for PBXProject "MovieNow" */ = {
			isa = XCConfigurationList;
			buildConfigurations = (
				4B55DBE32CB54E1A006D06D8 /* Debug */,
				4B55DBE42CB54E1A006D06D8 /* Release */,
			);
			defaultConfigurationIsVisible = 0;
			defaultConfigurationName = Release;
		};
		4B55DBE02CB54E1A006D06D8 /* Build configuration list for PBXNativeTarget "MovieNow" */ = {
			isa = XCConfigurationList;
			buildConfigurations = (
				4B55DBE12CB54E1A006D06D8 /* Debug */,
				4B55DBE22CB54E1A006D06D8 /* Release */,
			);
			defaultConfigurationIsVisible = 0;
			defaultConfigurationName = Release;
		};
		4B55DBE52CB54E1A006D06D8 /* Build configuration list for PBXNativeTarget "MovieNowTests" */ = {
			isa = XCConfigurationList;
			buildConfigurations = (
				4B55DBE62CB54E1A006D06D8 /* Debug */,
				4B55DBE72CB54E1A006D06D8 /* Release */,
			);
			defaultConfigurationIsVisible = 0;
			defaultConfigurationName = Release;
		};
		4B55DBE82CB54E1A006D06D8 /* Build configuration list for PBXNativeTarget "MovieNowUITests" */ = {
			isa = XCConfigurationList;
			buildConfigurations = (
				4B55DBE92CB54E1A006D06D8 /* Debug */,
				4B55DBEA2CB54E1A006D06D8 /* Release */,
			);
			defaultConfigurationIsVisible = 0;
			defaultConfigurationName = Release;
		};
/* End XCConfigurationList section */

/* Begin XCRemoteSwiftPackageReference section */
		4B55DC032CB56FD1006D06D8 /* XCRemoteSwiftPackageReference "Quick" */ = {
			isa = XCRemoteSwiftPackageReference;
			repositoryURL = "https://github.com/Quick/Quick.git";
			requirement = {
				kind = upToNextMajorVersion;
				minimumVersion = 7.0.0;
			};
		};
		4B55DC062CB56FE4006D06D8 /* XCRemoteSwiftPackageReference "Nimble" */ = {
			isa = XCRemoteSwiftPackageReference;
			repositoryURL = "https://github.com/Quick/Nimble.git";
			requirement = {
				kind = upToNextMajorVersion;
				minimumVersion = 12.0.0;
			};
		};
		4B55DC772CB5821E006D06D8 /* XCRemoteSwiftPackageReference "PromiseKit" */ = {
			isa = XCRemoteSwiftPackageReference;
			repositoryURL = "https://github.com/mxcl/PromiseKit";
			requirement = {
				kind = upToNextMajorVersion;
				minimumVersion = 8.1.2;
			};
		};
/* End XCRemoteSwiftPackageReference section */

/* Begin XCSwiftPackageProductDependency section */
		4B55DC042CB56FD1006D06D8 /* Quick */ = {
			isa = XCSwiftPackageProductDependency;
			package = 4B55DC032CB56FD1006D06D8 /* XCRemoteSwiftPackageReference "Quick" */;
			productName = Quick;
		};
		4B55DC072CB56FE4006D06D8 /* Nimble */ = {
			isa = XCSwiftPackageProductDependency;
			package = 4B55DC062CB56FE4006D06D8 /* XCRemoteSwiftPackageReference "Nimble" */;
			productName = Nimble;
		};
		4B55DC0A2CB57134006D06D8 /* Quick */ = {
			isa = XCSwiftPackageProductDependency;
			package = 4B55DC032CB56FD1006D06D8 /* XCRemoteSwiftPackageReference "Quick" */;
			productName = Quick;
		};
		4B55DC0C2CB5713F006D06D8 /* Nimble */ = {
			isa = XCSwiftPackageProductDependency;
			package = 4B55DC062CB56FE4006D06D8 /* XCRemoteSwiftPackageReference "Nimble" */;
			productName = Nimble;
		};
		4B55DC782CB5821E006D06D8 /* PromiseKit */ = {
			isa = XCSwiftPackageProductDependency;
			package = 4B55DC772CB5821E006D06D8 /* XCRemoteSwiftPackageReference "PromiseKit" */;
			productName = PromiseKit;
		};
/* End XCSwiftPackageProductDependency section */
	};
	rootObject = 4B55DBAF2CB54E18006D06D8 /* Project object */;
}
